
Microsoft Visual Studio Solution File, Format Version 12.00
# Visual Studio Version 17
VisualStudioVersion = 17.9.34728.123
MinimumVisualStudioVersion = 10.0.40219.1
Project("{8BC9CEB8-8B4A-11D0-8D11-00A0C91BC942}") = "3_1Array", "Array\Array.vcxproj", "{41577544-B257-42AC-80B2-9150ABD5006D}"
EndProject
Project("{8BC9CEB8-8B4A-11D0-8D11-00A0C91BC942}") = "3_2ArrayTest", "ArrayTest\ArrayTest.vcxproj", "{23504B0F-62E0-4FF1-AF1E-40DD1AC54CE5}"
EndProject
Project("{8BC9CEB8-8B4A-11D0-8D11-00A0C91BC942}") = "3_3Pointer", "Pointer\Pointer.vcxproj", "{90EE2B53-D013-4802-AC27-A4985F679E5B}"
EndProject
Project("{8BC9CEB8-8B4A-11D0-8D11-00A0C91BC942}") = "3_4Pointer_2", "3_4Pointer_2\3_4Pointer_2.vcxproj", "{C179B55F-FB5E-4AE1-A4CC-F6F7E04EE8EE}"
EndProject
Project("{8BC9CEB8-8B4A-11D0-8D11-00A0C91BC942}") = "3_5String", "String\String.vcxproj", "{CA9FD357-7801-467F-979E-F8D972B99022}"
EndProject
Project("{8BC9CEB8-8B4A-11D0-8D11-00A0C91BC942}") = "3_6Reference", "Reference\Reference.vcxproj", "{63C3BD86-126D-499D-837A-77B29E0FD1D4}"
EndProject
Project("{8BC9CEB8-8B4A-11D0-8D11-00A0C91BC942}") = "3_7LottoNumber", "LottoNumber\LottoNumber.vcxproj", "{621BC278-2200-477C-A0A5-164432D9D1F2}"
EndProject
Project("{8BC9CEB8-8B4A-11D0-8D11-00A0C91BC942}") = "3_8Snail", "3-8Snail\3-8Snail.vcxproj", "{0B239036-2DA0-48EA-9D57-859438A70497}"
EndProject
Global
	GlobalSection(SolutionConfigurationPlatforms) = preSolution
		Debug|x64 = Debug|x64
		Debug|x86 = Debug|x86
		Release|x64 = Release|x64
		Release|x86 = Release|x86
	EndGlobalSection
	GlobalSection(ProjectConfigurationPlatforms) = postSolution
		{41577544-B257-42AC-80B2-9150ABD5006D}.Debug|x64.ActiveCfg = Debug|x64
		{41577544-B257-42AC-80B2-9150ABD5006D}.Debug|x64.Build.0 = Debug|x64
		{41577544-B257-42AC-80B2-9150ABD5006D}.Debug|x86.ActiveCfg = Debug|Win32
		{41577544-B257-42AC-80B2-9150ABD5006D}.Debug|x86.Build.0 = Debug|Win32
		{41577544-B257-42AC-80B2-9150ABD5006D}.Release|x64.ActiveCfg = Release|x64
		{41577544-B257-42AC-80B2-9150ABD5006D}.Release|x64.Build.0 = Release|x64
		{41577544-B257-42AC-80B2-9150ABD5006D}.Release|x86.ActiveCfg = Release|Win32
		{41577544-B257-42AC-80B2-9150ABD5006D}.Release|x86.Build.0 = Release|Win32
		{23504B0F-62E0-4FF1-AF1E-40DD1AC54CE5}.Debug|x64.ActiveCfg = Debug|x64
		{23504B0F-62E0-4FF1-AF1E-40DD1AC54CE5}.Debug|x64.Build.0 = Debug|x64
		{23504B0F-62E0-4FF1-AF1E-40DD1AC54CE5}.Debug|x86.ActiveCfg = Debug|Win32
		{23504B0F-62E0-4FF1-AF1E-40DD1AC54CE5}.Debug|x86.Build.0 = Debug|Win32
		{23504B0F-62E0-4FF1-AF1E-40DD1AC54CE5}.Release|x64.ActiveCfg = Release|x64
		{23504B0F-62E0-4FF1-AF1E-40DD1AC54CE5}.Release|x64.Build.0 = Release|x64
		{23504B0F-62E0-4FF1-AF1E-40DD1AC54CE5}.Release|x86.ActiveCfg = Release|Win32
		{23504B0F-62E0-4FF1-AF1E-40DD1AC54CE5}.Release|x86.Build.0 = Release|Win32
		{90EE2B53-D013-4802-AC27-A4985F679E5B}.Debug|x64.ActiveCfg = Debug|x64
		{90EE2B53-D013-4802-AC27-A4985F679E5B}.Debug|x64.Build.0 = Debug|x64
		{90EE2B53-D013-4802-AC27-A4985F679E5B}.Debug|x86.ActiveCfg = Debug|Win32
		{90EE2B53-D013-4802-AC27-A4985F679E5B}.Debug|x86.Build.0 = Debug|Win32
		{90EE2B53-D013-4802-AC27-A4985F679E5B}.Release|x64.ActiveCfg = Release|x64
		{90EE2B53-D013-4802-AC27-A4985F679E5B}.Release|x64.Build.0 = Release|x64
		{90EE2B53-D013-4802-AC27-A4985F679E5B}.Release|x86.ActiveCfg = Release|Win32
		{90EE2B53-D013-4802-AC27-A4985F679E5B}.Release|x86.Build.0 = Release|Win32
		{C179B55F-FB5E-4AE1-A4CC-F6F7E04EE8EE}.Debug|x64.ActiveCfg = Debug|x64
		{C179B55F-FB5E-4AE1-A4CC-F6F7E04EE8EE}.Debug|x64.Build.0 = Debug|x64
		{C179B55F-FB5E-4AE1-A4CC-F6F7E04EE8EE}.Debug|x86.ActiveCfg = Debug|Win32
		{C179B55F-FB5E-4AE1-A4CC-F6F7E04EE8EE}.Debug|x86.Build.0 = Debug|Win32
		{C179B55F-FB5E-4AE1-A4CC-F6F7E04EE8EE}.Release|x64.ActiveCfg = Release|x64
		{C179B55F-FB5E-4AE1-A4CC-F6F7E04EE8EE}.Release|x64.Build.0 = Release|x64
		{C179B55F-FB5E-4AE1-A4CC-F6F7E04EE8EE}.Release|x86.ActiveCfg = Release|Win32
		{C179B55F-FB5E-4AE1-A4CC-F6F7E04EE8EE}.Release|x86.Build.0 = Release|Win32
		{CA9FD357-7801-467F-979E-F8D972B99022}.Debug|x64.ActiveCfg = Debug|x64
		{CA9FD357-7801-467F-979E-F8D972B99022}.Debug|x64.Build.0 = Debug|x64
		{CA9FD357-7801-467F-979E-F8D972B99022}.Debug|x86.ActiveCfg = Debug|Win32
		{CA9FD357-7801-467F-979E-F8D972B99022}.Debug|x86.Build.0 = Debug|Win32
		{CA9FD357-7801-467F-979E-F8D972B99022}.Release|x64.ActiveCfg = Release|x64
		{CA9FD357-7801-467F-979E-F8D972B99022}.Release|x64.Build.0 = Release|x64
		{CA9FD357-7801-467F-979E-F8D972B99022}.Release|x86.ActiveCfg = Release|Win32
		{CA9FD357-7801-467F-979E-F8D972B99022}.Release|x86.Build.0 = Release|Win32
		{63C3BD86-126D-499D-837A-77B29E0FD1D4}.Debug|x64.ActiveCfg = Debug|x64
		{63C3BD86-126D-499D-837A-77B29E0FD1D4}.Debug|x64.Build.0 = Debug|x64
		{63C3BD86-126D-499D-837A-77B29E0FD1D4}.Debug|x86.ActiveCfg = Debug|Win32
		{63C3BD86-126D-499D-837A-77B29E0FD1D4}.Debug|x86.Build.0 = Debug|Win32
		{63C3BD86-126D-499D-837A-77B29E0FD1D4}.Release|x64.ActiveCfg = Release|x64
		{63C3BD86-126D-499D-837A-77B29E0FD1D4}.Release|x64.Build.0 = Release|x64
		{63C3BD86-126D-499D-837A-77B29E0FD1D4}.Release|x86.ActiveCfg = Release|Win32
		{63C3BD86-126D-499D-837A-77B29E0FD1D4}.Release|x86.Build.0 = Release|Win32
		{621BC278-2200-477C-A0A5-164432D9D1F2}.Debug|x64.ActiveCfg = Debug|x64
		{621BC278-2200-477C-A0A5-164432D9D1F2}.Debug|x64.Build.0 = Debug|x64
		{621BC278-2200-477C-A0A5-164432D9D1F2}.Debug|x86.ActiveCfg = Debug|Win32
		{621BC278-2200-477C-A0A5-164432D9D1F2}.Debug|x86.Build.0 = Debug|Win32
		{621BC278-2200-477C-A0A5-164432D9D1F2}.Release|x64.ActiveCfg = Release|x64
		{621BC278-2200-477C-A0A5-164432D9D1F2}.Release|x64.Build.0 = Release|x64
		{621BC278-2200-477C-A0A5-164432D9D1F2}.Release|x86.ActiveCfg = Release|Win32
		{621BC278-2200-477C-A0A5-164432D9D1F2}.Release|x86.Build.0 = Release|Win32
		{0B239036-2DA0-48EA-9D57-859438A70497}.Debug|x64.ActiveCfg = Debug|x64
		{0B239036-2DA0-48EA-9D57-859438A70497}.Debug|x64.Build.0 = Debug|x64
		{0B239036-2DA0-48EA-9D57-859438A70497}.Debug|x86.ActiveCfg = Debug|Win32
		{0B239036-2DA0-48EA-9D57-859438A70497}.Debug|x86.Build.0 = Debug|Win32
		{0B239036-2DA0-48EA-9D57-859438A70497}.Release|x64.ActiveCfg = Release|x64
		{0B239036-2DA0-48EA-9D57-859438A70497}.Release|x64.Build.0 = Release|x64
		{0B239036-2DA0-48EA-9D57-859438A70497}.Release|x86.ActiveCfg = Release|Win32
		{0B239036-2DA0-48EA-9D57-859438A70497}.Release|x86.Build.0 = Release|Win32
	EndGlobalSection
	GlobalSection(SolutionProperties) = preSolution
		HideSolutionNode = FALSE
	EndGlobalSection
	GlobalSection(ExtensibilityGlobals) = postSolution
		SolutionGuid = {F6D1FC81-D63A-4F00-88E6-19C63E51F8E6}
	EndGlobalSection
EndGlobal
