
Microsoft Visual Studio Solution File, Format Version 12.00
# Visual Studio Version 17
VisualStudioVersion = 17.9.34728.123
MinimumVisualStudioVersion = 10.0.40219.1
Project("{8BC9CEB8-8B4A-11D0-8D11-00A0C91BC942}") = "4_1ObjectOriented", "ObjectOriented\ObjectOriented.vcxproj", "{D83A7EC3-862A-46CA-91B4-D1F134B7197E}"
EndProject
Project("{8BC9CEB8-8B4A-11D0-8D11-00A0C91BC942}") = "4_2Inheritance", "..\Inheritance\Inheritance.vcxproj", "{905924E7-03A2-47D0-B134-10CB77195760}"
EndProject
Project("{8BC9CEB8-8B4A-11D0-8D11-00A0C91BC942}") = "4_3InformationHiding", "4_3InformationHiding\4_3InformationHiding.vcxproj", "{C7D4004E-731D-426D-9EA3-7B194DA1EDDC}"
EndProject
Project("{8BC9CEB8-8B4A-11D0-8D11-00A0C91BC942}") = "4_4Polymorphism", "4_4Polymorphism\4_4Polymorphism.vcxproj", "{42B5A63E-B54F-49B9-8C00-8DFA5B46822F}"
EndProject
Project("{8BC9CEB8-8B4A-11D0-8D11-00A0C91BC942}") = "4_5Initialize", "4_5Initialize\4_5Initialize.vcxproj", "{AD3FA49A-D3C2-4D18-B656-3615EEA81290}"
EndProject
Project("{8BC9CEB8-8B4A-11D0-8D11-00A0C91BC942}") = "4_6OperatorOverloading", "4_6Operator Overloading\4_6Operator Overloading.vcxproj", "{62398B9B-3890-4701-8AE7-B8C6632EFE3F}"
EndProject
Global
	GlobalSection(SolutionConfigurationPlatforms) = preSolution
		Debug|x64 = Debug|x64
		Debug|x86 = Debug|x86
		Release|x64 = Release|x64
		Release|x86 = Release|x86
	EndGlobalSection
	GlobalSection(ProjectConfigurationPlatforms) = postSolution
		{D83A7EC3-862A-46CA-91B4-D1F134B7197E}.Debug|x64.ActiveCfg = Debug|x64
		{D83A7EC3-862A-46CA-91B4-D1F134B7197E}.Debug|x64.Build.0 = Debug|x64
		{D83A7EC3-862A-46CA-91B4-D1F134B7197E}.Debug|x86.ActiveCfg = Debug|Win32
		{D83A7EC3-862A-46CA-91B4-D1F134B7197E}.Debug|x86.Build.0 = Debug|Win32
		{D83A7EC3-862A-46CA-91B4-D1F134B7197E}.Release|x64.ActiveCfg = Release|x64
		{D83A7EC3-862A-46CA-91B4-D1F134B7197E}.Release|x64.Build.0 = Release|x64
		{D83A7EC3-862A-46CA-91B4-D1F134B7197E}.Release|x86.ActiveCfg = Release|Win32
		{D83A7EC3-862A-46CA-91B4-D1F134B7197E}.Release|x86.Build.0 = Release|Win32
		{905924E7-03A2-47D0-B134-10CB77195760}.Debug|x64.ActiveCfg = Debug|x64
		{905924E7-03A2-47D0-B134-10CB77195760}.Debug|x64.Build.0 = Debug|x64
		{905924E7-03A2-47D0-B134-10CB77195760}.Debug|x86.ActiveCfg = Debug|Win32
		{905924E7-03A2-47D0-B134-10CB77195760}.Debug|x86.Build.0 = Debug|Win32
		{905924E7-03A2-47D0-B134-10CB77195760}.Release|x64.ActiveCfg = Release|x64
		{905924E7-03A2-47D0-B134-10CB77195760}.Release|x64.Build.0 = Release|x64
		{905924E7-03A2-47D0-B134-10CB77195760}.Release|x86.ActiveCfg = Release|Win32
		{905924E7-03A2-47D0-B134-10CB77195760}.Release|x86.Build.0 = Release|Win32
		{C7D4004E-731D-426D-9EA3-7B194DA1EDDC}.Debug|x64.ActiveCfg = Debug|x64
		{C7D4004E-731D-426D-9EA3-7B194DA1EDDC}.Debug|x64.Build.0 = Debug|x64
		{C7D4004E-731D-426D-9EA3-7B194DA1EDDC}.Debug|x86.ActiveCfg = Debug|Win32
		{C7D4004E-731D-426D-9EA3-7B194DA1EDDC}.Debug|x86.Build.0 = Debug|Win32
		{C7D4004E-731D-426D-9EA3-7B194DA1EDDC}.Release|x64.ActiveCfg = Release|x64
		{C7D4004E-731D-426D-9EA3-7B194DA1EDDC}.Release|x64.Build.0 = Release|x64
		{C7D4004E-731D-426D-9EA3-7B194DA1EDDC}.Release|x86.ActiveCfg = Release|Win32
		{C7D4004E-731D-426D-9EA3-7B194DA1EDDC}.Release|x86.Build.0 = Release|Win32
		{42B5A63E-B54F-49B9-8C00-8DFA5B46822F}.Debug|x64.ActiveCfg = Debug|x64
		{42B5A63E-B54F-49B9-8C00-8DFA5B46822F}.Debug|x64.Build.0 = Debug|x64
		{42B5A63E-B54F-49B9-8C00-8DFA5B46822F}.Debug|x86.ActiveCfg = Debug|Win32
		{42B5A63E-B54F-49B9-8C00-8DFA5B46822F}.Debug|x86.Build.0 = Debug|Win32
		{42B5A63E-B54F-49B9-8C00-8DFA5B46822F}.Release|x64.ActiveCfg = Release|x64
		{42B5A63E-B54F-49B9-8C00-8DFA5B46822F}.Release|x64.Build.0 = Release|x64
		{42B5A63E-B54F-49B9-8C00-8DFA5B46822F}.Release|x86.ActiveCfg = Release|Win32
		{42B5A63E-B54F-49B9-8C00-8DFA5B46822F}.Release|x86.Build.0 = Release|Win32
		{AD3FA49A-D3C2-4D18-B656-3615EEA81290}.Debug|x64.ActiveCfg = Debug|x64
		{AD3FA49A-D3C2-4D18-B656-3615EEA81290}.Debug|x64.Build.0 = Debug|x64
		{AD3FA49A-D3C2-4D18-B656-3615EEA81290}.Debug|x86.ActiveCfg = Debug|Win32
		{AD3FA49A-D3C2-4D18-B656-3615EEA81290}.Debug|x86.Build.0 = Debug|Win32
		{AD3FA49A-D3C2-4D18-B656-3615EEA81290}.Release|x64.ActiveCfg = Release|x64
		{AD3FA49A-D3C2-4D18-B656-3615EEA81290}.Release|x64.Build.0 = Release|x64
		{AD3FA49A-D3C2-4D18-B656-3615EEA81290}.Release|x86.ActiveCfg = Release|Win32
		{AD3FA49A-D3C2-4D18-B656-3615EEA81290}.Release|x86.Build.0 = Release|Win32
		{62398B9B-3890-4701-8AE7-B8C6632EFE3F}.Debug|x64.ActiveCfg = Debug|x64
		{62398B9B-3890-4701-8AE7-B8C6632EFE3F}.Debug|x64.Build.0 = Debug|x64
		{62398B9B-3890-4701-8AE7-B8C6632EFE3F}.Debug|x86.ActiveCfg = Debug|Win32
		{62398B9B-3890-4701-8AE7-B8C6632EFE3F}.Debug|x86.Build.0 = Debug|Win32
		{62398B9B-3890-4701-8AE7-B8C6632EFE3F}.Release|x64.ActiveCfg = Release|x64
		{62398B9B-3890-4701-8AE7-B8C6632EFE3F}.Release|x64.Build.0 = Release|x64
		{62398B9B-3890-4701-8AE7-B8C6632EFE3F}.Release|x86.ActiveCfg = Release|Win32
		{62398B9B-3890-4701-8AE7-B8C6632EFE3F}.Release|x86.Build.0 = Release|Win32
	EndGlobalSection
	GlobalSection(SolutionProperties) = preSolution
		HideSolutionNode = FALSE
	EndGlobalSection
	GlobalSection(ExtensibilityGlobals) = postSolution
		SolutionGuid = {43302DC9-E7E2-4214-9CA7-292399ACE490}
	EndGlobalSection
EndGlobal
