
Microsoft Visual Studio Solution File, Format Version 12.00
# Visual Studio Version 17
VisualStudioVersion = 17.9.34728.123
MinimumVisualStudioVersion = 10.0.40219.1
Project("{8BC9CEB8-8B4A-11D0-8D11-00A0C91BC942}") = "5_1DynamicMemoryAllocation", "5_1DynamicMemoryAllocation\5_1DynamicMemoryAllocation.vcxproj", "{948C615B-D3AE-4F0D-9102-98DF36E53521}"
EndProject
Project("{8BC9CEB8-8B4A-11D0-8D11-00A0C91BC942}") = "5_2ItemDrop", "5_2ItemDrop\5_2ItemDrop.vcxproj", "{482D0609-65DB-46D6-8E97-ABF9D7E645B8}"
EndProject
Project("{8BC9CEB8-8B4A-11D0-8D11-00A0C91BC942}") = "5_3Casting", "5_3Casting\5_3Casting.vcxproj", "{5D99BB2D-4990-48F0-9E8F-A640AEC302D5}"
EndProject
Project("{8BC9CEB8-8B4A-11D0-8D11-00A0C91BC942}") = "5_5VirtualDestructor", "5_5VirtualDestructor\5_5VirtualDestructor.vcxproj", "{A8519512-2009-4193-97EB-50E3D8DF0D3E}"
EndProject
Project("{8BC9CEB8-8B4A-11D0-8D11-00A0C91BC942}") = "5_6ForwardDeclarations", "5_6ForwardDeclarations\5_6ForwardDeclarations.vcxproj", "{6396CF1D-1322-46BB-8035-22DC86888777}"
EndProject
Project("{8BC9CEB8-8B4A-11D0-8D11-00A0C91BC942}") = "5_7ShallowCopy&DeepCopy", "5_7ShallowCopy&DeepCopy\5_7ShallowCopy&DeepCopy.vcxproj", "{4F18BA83-6B1A-4F86-8CD6-6DEA431AE347}"
EndProject
Project("{8BC9CEB8-8B4A-11D0-8D11-00A0C91BC942}") = "5_8Casting4", "5_8Casting4\5_8Casting4.vcxproj", "{CD3C99EA-4118-4FB2-8EB2-042A17BFEFD2}"
EndProject
Project("{8BC9CEB8-8B4A-11D0-8D11-00A0C91BC942}") = "5_9DebuggingPractice", "5_9DebuggingPractices\5_9DebuggingPractices.vcxproj", "{8977594C-082F-4BC6-B09D-C49B4F0014FC}"
EndProject
Global
	GlobalSection(SolutionConfigurationPlatforms) = preSolution
		Debug|x64 = Debug|x64
		Debug|x86 = Debug|x86
		Release|x64 = Release|x64
		Release|x86 = Release|x86
	EndGlobalSection
	GlobalSection(ProjectConfigurationPlatforms) = postSolution
		{948C615B-D3AE-4F0D-9102-98DF36E53521}.Debug|x64.ActiveCfg = Debug|x64
		{948C615B-D3AE-4F0D-9102-98DF36E53521}.Debug|x64.Build.0 = Debug|x64
		{948C615B-D3AE-4F0D-9102-98DF36E53521}.Debug|x86.ActiveCfg = Debug|Win32
		{948C615B-D3AE-4F0D-9102-98DF36E53521}.Debug|x86.Build.0 = Debug|Win32
		{948C615B-D3AE-4F0D-9102-98DF36E53521}.Release|x64.ActiveCfg = Release|x64
		{948C615B-D3AE-4F0D-9102-98DF36E53521}.Release|x64.Build.0 = Release|x64
		{948C615B-D3AE-4F0D-9102-98DF36E53521}.Release|x86.ActiveCfg = Release|Win32
		{948C615B-D3AE-4F0D-9102-98DF36E53521}.Release|x86.Build.0 = Release|Win32
		{482D0609-65DB-46D6-8E97-ABF9D7E645B8}.Debug|x64.ActiveCfg = Debug|x64
		{482D0609-65DB-46D6-8E97-ABF9D7E645B8}.Debug|x64.Build.0 = Debug|x64
		{482D0609-65DB-46D6-8E97-ABF9D7E645B8}.Debug|x86.ActiveCfg = Debug|Win32
		{482D0609-65DB-46D6-8E97-ABF9D7E645B8}.Debug|x86.Build.0 = Debug|Win32
		{482D0609-65DB-46D6-8E97-ABF9D7E645B8}.Release|x64.ActiveCfg = Release|x64
		{482D0609-65DB-46D6-8E97-ABF9D7E645B8}.Release|x64.Build.0 = Release|x64
		{482D0609-65DB-46D6-8E97-ABF9D7E645B8}.Release|x86.ActiveCfg = Release|Win32
		{482D0609-65DB-46D6-8E97-ABF9D7E645B8}.Release|x86.Build.0 = Release|Win32
		{5D99BB2D-4990-48F0-9E8F-A640AEC302D5}.Debug|x64.ActiveCfg = Debug|x64
		{5D99BB2D-4990-48F0-9E8F-A640AEC302D5}.Debug|x64.Build.0 = Debug|x64
		{5D99BB2D-4990-48F0-9E8F-A640AEC302D5}.Debug|x86.ActiveCfg = Debug|Win32
		{5D99BB2D-4990-48F0-9E8F-A640AEC302D5}.Debug|x86.Build.0 = Debug|Win32
		{5D99BB2D-4990-48F0-9E8F-A640AEC302D5}.Release|x64.ActiveCfg = Release|x64
		{5D99BB2D-4990-48F0-9E8F-A640AEC302D5}.Release|x64.Build.0 = Release|x64
		{5D99BB2D-4990-48F0-9E8F-A640AEC302D5}.Release|x86.ActiveCfg = Release|Win32
		{5D99BB2D-4990-48F0-9E8F-A640AEC302D5}.Release|x86.Build.0 = Release|Win32
		{A8519512-2009-4193-97EB-50E3D8DF0D3E}.Debug|x64.ActiveCfg = Debug|x64
		{A8519512-2009-4193-97EB-50E3D8DF0D3E}.Debug|x64.Build.0 = Debug|x64
		{A8519512-2009-4193-97EB-50E3D8DF0D3E}.Debug|x86.ActiveCfg = Debug|Win32
		{A8519512-2009-4193-97EB-50E3D8DF0D3E}.Debug|x86.Build.0 = Debug|Win32
		{A8519512-2009-4193-97EB-50E3D8DF0D3E}.Release|x64.ActiveCfg = Release|x64
		{A8519512-2009-4193-97EB-50E3D8DF0D3E}.Release|x64.Build.0 = Release|x64
		{A8519512-2009-4193-97EB-50E3D8DF0D3E}.Release|x86.ActiveCfg = Release|Win32
		{A8519512-2009-4193-97EB-50E3D8DF0D3E}.Release|x86.Build.0 = Release|Win32
		{6396CF1D-1322-46BB-8035-22DC86888777}.Debug|x64.ActiveCfg = Debug|x64
		{6396CF1D-1322-46BB-8035-22DC86888777}.Debug|x64.Build.0 = Debug|x64
		{6396CF1D-1322-46BB-8035-22DC86888777}.Debug|x86.ActiveCfg = Debug|Win32
		{6396CF1D-1322-46BB-8035-22DC86888777}.Debug|x86.Build.0 = Debug|Win32
		{6396CF1D-1322-46BB-8035-22DC86888777}.Release|x64.ActiveCfg = Release|x64
		{6396CF1D-1322-46BB-8035-22DC86888777}.Release|x64.Build.0 = Release|x64
		{6396CF1D-1322-46BB-8035-22DC86888777}.Release|x86.ActiveCfg = Release|Win32
		{6396CF1D-1322-46BB-8035-22DC86888777}.Release|x86.Build.0 = Release|Win32
		{4F18BA83-6B1A-4F86-8CD6-6DEA431AE347}.Debug|x64.ActiveCfg = Debug|x64
		{4F18BA83-6B1A-4F86-8CD6-6DEA431AE347}.Debug|x64.Build.0 = Debug|x64
		{4F18BA83-6B1A-4F86-8CD6-6DEA431AE347}.Debug|x86.ActiveCfg = Debug|Win32
		{4F18BA83-6B1A-4F86-8CD6-6DEA431AE347}.Debug|x86.Build.0 = Debug|Win32
		{4F18BA83-6B1A-4F86-8CD6-6DEA431AE347}.Release|x64.ActiveCfg = Release|x64
		{4F18BA83-6B1A-4F86-8CD6-6DEA431AE347}.Release|x64.Build.0 = Release|x64
		{4F18BA83-6B1A-4F86-8CD6-6DEA431AE347}.Release|x86.ActiveCfg = Release|Win32
		{4F18BA83-6B1A-4F86-8CD6-6DEA431AE347}.Release|x86.Build.0 = Release|Win32
		{CD3C99EA-4118-4FB2-8EB2-042A17BFEFD2}.Debug|x64.ActiveCfg = Debug|x64
		{CD3C99EA-4118-4FB2-8EB2-042A17BFEFD2}.Debug|x64.Build.0 = Debug|x64
		{CD3C99EA-4118-4FB2-8EB2-042A17BFEFD2}.Debug|x86.ActiveCfg = Debug|Win32
		{CD3C99EA-4118-4FB2-8EB2-042A17BFEFD2}.Debug|x86.Build.0 = Debug|Win32
		{CD3C99EA-4118-4FB2-8EB2-042A17BFEFD2}.Release|x64.ActiveCfg = Release|x64
		{CD3C99EA-4118-4FB2-8EB2-042A17BFEFD2}.Release|x64.Build.0 = Release|x64
		{CD3C99EA-4118-4FB2-8EB2-042A17BFEFD2}.Release|x86.ActiveCfg = Release|Win32
		{CD3C99EA-4118-4FB2-8EB2-042A17BFEFD2}.Release|x86.Build.0 = Release|Win32
		{8977594C-082F-4BC6-B09D-C49B4F0014FC}.Debug|x64.ActiveCfg = Debug|x64
		{8977594C-082F-4BC6-B09D-C49B4F0014FC}.Debug|x64.Build.0 = Debug|x64
		{8977594C-082F-4BC6-B09D-C49B4F0014FC}.Debug|x86.ActiveCfg = Debug|Win32
		{8977594C-082F-4BC6-B09D-C49B4F0014FC}.Debug|x86.Build.0 = Debug|Win32
		{8977594C-082F-4BC6-B09D-C49B4F0014FC}.Release|x64.ActiveCfg = Release|x64
		{8977594C-082F-4BC6-B09D-C49B4F0014FC}.Release|x64.Build.0 = Release|x64
		{8977594C-082F-4BC6-B09D-C49B4F0014FC}.Release|x86.ActiveCfg = Release|Win32
		{8977594C-082F-4BC6-B09D-C49B4F0014FC}.Release|x86.Build.0 = Release|Win32
	EndGlobalSection
	GlobalSection(SolutionProperties) = preSolution
		HideSolutionNode = FALSE
	EndGlobalSection
	GlobalSection(ExtensibilityGlobals) = postSolution
		SolutionGuid = {56EA0C10-BC2A-4C40-9FF5-C2383FCDFA78}
	EndGlobalSection
EndGlobal
